
Microsoft Visual Studio Solution File, Format Version 12.00
# Visual Studio Version 16
VisualStudioVersion = 16.0.32126.315
MinimumVisualStudioVersion = 10.0.40219.1
Project("{FAE04EC0-301F-11D3-BF4B-00C04F79EFBC}") = "ingatlanGUI", "ingatlanGUI\ingatlanGUI.csproj", "{DBF1C3DB-A3A4-4388-A637-3CDEFE8C0210}"
EndProject
Global
	GlobalSection(SolutionConfigurationPlatforms) = preSolution
		Debug|Any CPU = Debug|Any CPU
		Release|Any CPU = Release|Any CPU
	EndGlobalSection
	GlobalSection(ProjectConfigurationPlatforms) = postSolution
		{DBF1C3DB-A3A4-4388-A637-3CDEFE8C0210}.Debug|Any CPU.ActiveCfg = Debug|Any CPU
		{DBF1C3DB-A3A4-4388-A637-3CDEFE8C0210}.Debug|Any CPU.Build.0 = Debug|Any CPU
		{DBF1C3DB-A3A4-4388-A637-3CDEFE8C0210}.Release|Any CPU.ActiveCfg = Release|Any CPU
		{DBF1C3DB-A3A4-4388-A637-3CDEFE8C0210}.Release|Any CPU.Build.0 = Release|Any CPU
	EndGlobalSection
	GlobalSection(SolutionProperties) = preSolution
		HideSolutionNode = FALSE
	EndGlobalSection
	GlobalSection(ExtensibilityGlobals) = postSolution
		SolutionGuid = {2F0DFFD1-C9E5-4E0C-B8F5-C6A323D42A40}
	EndGlobalSection
EndGlobal
